<?xml version="1.0" encoding="utf-8"?>
<Project ToolsVersion="4.0" xmlns="http://schemas.microsoft.com/developer/msbuild/2003">
  <ItemGroup>
    <Filter Include="Source Files">
      <UniqueIdentifier>{28c04d9f-025f-4d95-ad1b-097944dce423}</UniqueIdentifier>
      <Extensions>cpp;c;cxx;def;odl;idl;hpj;bat;asm</Extensions>
    </Filter>
    <Filter Include="Header Files">
      <UniqueIdentifier>{d63a78d4-4e31-4bd9-aacd-05ca3f2fc4eb}</UniqueIdentifier>
      <Extensions>h;hpp;hxx;hm;inl;inc</Extensions>
    </Filter>
    <Filter Include="Resource Files">
      <UniqueIdentifier>{284edbe6-c30a-4075-819e-9e853db07be6}</UniqueIdentifier>
      <Extensions>rc;ico;cur;bmp;dlg;rc2;rct;bin;rgs;gif;jpg;jpeg;jpe</Extensions>
    </Filter>
  </ItemGroup>
  <ItemGroup>
    <ClCompile Include="CircularBuffer.cpp">
      <Filter>Source Files</Filter>
    </ClCompile>
    <ClCompile Include="libOOOgg.cpp">
      <Filter>Source Files</Filter>
    </ClCompile>
    <ClCompile Include="OggDataBuffer.cpp">
      <Filter>Source Files</Filter>
    </ClCompile>
    <ClCompile Include="OggMuxStream.cpp">
      <Filter>Source Files</Filter>
    </ClCompile>
    <ClCompile Include="OggPacket.cpp">
      <Filter>Source Files</Filter>
    </ClCompile>
    <ClCompile Include="OggPacketiser.cpp">
      <Filter>Source Files</Filter>
    </ClCompile>
    <ClCompile Include="OggPage.cpp">
      <Filter>Source Files</Filter>
    </ClCompile>
    <ClCompile Include="OggPageHeader.cpp">
      <Filter>Source Files</Filter>
    </ClCompile>
    <ClCompile Include="OggPageInterleaver.cpp">
      <Filter>Source Files</Filter>
    </ClCompile>
    <ClCompile Include="OggPaginator.cpp">
      <Filter>Source Files</Filter>
    </ClCompile>
    <ClCompile Include="OggPaginatorSettings.cpp">
      <Filter>Source Files</Filter>
    </ClCompile>
    <ClCompile Include="StampedOggPacket.cpp">
      <Filter>Source Files</Filter>
    </ClCompile>
    <ClCompile Include="stdafx.cpp">
      <Filter>Source Files</Filter>
    </ClCompile>
  </ItemGroup>
  <ItemGroup>
    <ClInclude Include="CircularBuffer.h">
      <Filter>Header Files</Filter>
    </ClInclude>
    <ClInclude Include="dllstuff.h">
      <Filter>Header Files</Filter>
    </ClInclude>
    <ClInclude Include="IFIFOBuffer.h">
      <Filter>Header Files</Filter>
    </ClInclude>
    <ClInclude Include="INotifyArrival.h">
      <Filter>Header Files</Filter>
    </ClInclude>
    <ClInclude Include="INotifyComplete.h">
      <Filter>Header Files</Filter>
    </ClInclude>
    <ClInclude Include="IOggCallback.h">
      <Filter>Header Files</Filter>
    </ClInclude>
    <ClInclude Include="IOggPackSource.h">
      <Filter>Header Files</Filter>
    </ClInclude>
    <ClInclude Include="IStampedOggPacketSink.h">
      <Filter>Header Files</Filter>
    </ClInclude>
    <ClInclude Include="libOOOgg.h">
      <Filter>Header Files</Filter>
    </ClInclude>
    <ClInclude Include="OggDataBuffer.h">
      <Filter>Header Files</Filter>
    </ClInclude>
    <ClInclude Include="OggMuxStream.h">
      <Filter>Header Files</Filter>
    </ClInclude>
    <ClInclude Include="OggPacket.h">
      <Filter>Header Files</Filter>
    </ClInclude>
    <ClInclude Include="OggPacketiser.h">
      <Filter>Header Files</Filter>
    </ClInclude>
    <ClInclude Include="OggPage.h">
      <Filter>Header Files</Filter>
    </ClInclude>
    <ClInclude Include="OggPageHeader.h">
      <Filter>Header Files</Filter>
    </ClInclude>
    <ClInclude Include="OggPageInterleaver.h">
      <Filter>Header Files</Filter>
    </ClInclude>
    <ClInclude Include="OggPaginator.h">
      <Filter>Header Files</Filter>
    </ClInclude>
    <ClInclude Include="OggPaginatorSettings.h">
      <Filter>Header Files</Filter>
    </ClInclude>
    <ClInclude Include="OggTypeDefs.h">
      <Filter>Header Files</Filter>
    </ClInclude>
    <ClInclude Include="StampedOggPacket.h">
      <Filter>Header Files</Filter>
    </ClInclude>
    <ClInclude Include="stdafx.h">
      <Filter>Header Files</Filter>
    </ClInclude>
  </ItemGroup>
  <ItemGroup>
    <Text Include="ReadMe.txt" />
  </ItemGroup>
</Project>